
Microsoft Visual Studio Solution File, Format Version 12.00
# Visual Studio Version 16
VisualStudioVersion = 16.0.30621.155
MinimumVisualStudioVersion = 10.0.40219.1
Project("{FAE04EC0-301F-11D3-BF4B-00C04F79EFBC}") = "MovieReferenceForInternship", "MovieReferenceForInternship\MovieReferenceForInternship.csproj", "{BAF753B5-4809-47C3-B1EC-DDB2B52F7C5D}"
EndProject
Global
	GlobalSection(SolutionConfigurationPlatforms) = preSolution
		Debug|Any CPU = Debug|Any CPU
		Release|Any CPU = Release|Any CPU
	EndGlobalSection
	GlobalSection(ProjectConfigurationPlatforms) = postSolution
		{BAF753B5-4809-47C3-B1EC-DDB2B52F7C5D}.Debug|Any CPU.ActiveCfg = Debug|Any CPU
		{BAF753B5-4809-47C3-B1EC-DDB2B52F7C5D}.Debug|Any CPU.Build.0 = Debug|Any CPU
		{BAF753B5-4809-47C3-B1EC-DDB2B52F7C5D}.Release|Any CPU.ActiveCfg = Release|Any CPU
		{BAF753B5-4809-47C3-B1EC-DDB2B52F7C5D}.Release|Any CPU.Build.0 = Release|Any CPU
	EndGlobalSection
	GlobalSection(SolutionProperties) = preSolution
		HideSolutionNode = FALSE
	EndGlobalSection
	GlobalSection(ExtensibilityGlobals) = postSolution
		SolutionGuid = {D0B1AE1C-8E58-46BF-96F1-2F0CAF866581}
	EndGlobalSection
EndGlobal
